
Microsoft Visual Studio Solution File, Format Version 12.00
# Visual Studio Version 17
VisualStudioVersion = 17.10.35122.118
MinimumVisualStudioVersion = 10.0.40219.1
Project("{FAE04EC0-301F-11D3-BF4B-00C04F79EFBC}") = "SciCalc", "SciCalc\SciCalc.csproj", "{71013A72-C146-4EDB-BF9F-EA6C9043A8DB}"
EndProject
Global
	GlobalSection(SolutionConfigurationPlatforms) = preSolution
		Debug|Any CPU = Debug|Any CPU
		Release|Any CPU = Release|Any CPU
	EndGlobalSection
	GlobalSection(ProjectConfigurationPlatforms) = postSolution
		{71013A72-C146-4EDB-BF9F-EA6C9043A8DB}.Debug|Any CPU.ActiveCfg = Debug|Any CPU
		{71013A72-C146-4EDB-BF9F-EA6C9043A8DB}.Debug|Any CPU.Build.0 = Debug|Any CPU
		{71013A72-C146-4EDB-BF9F-EA6C9043A8DB}.Debug|Any CPU.Deploy.0 = Debug|Any CPU
		{71013A72-C146-4EDB-BF9F-EA6C9043A8DB}.Release|Any CPU.ActiveCfg = Release|Any CPU
		{71013A72-C146-4EDB-BF9F-EA6C9043A8DB}.Release|Any CPU.Build.0 = Release|Any CPU
		{71013A72-C146-4EDB-BF9F-EA6C9043A8DB}.Release|Any CPU.Deploy.0 = Release|Any CPU
	EndGlobalSection
	GlobalSection(SolutionProperties) = preSolution
		HideSolutionNode = FALSE
	EndGlobalSection
	GlobalSection(ExtensibilityGlobals) = postSolution
		SolutionGuid = {AF610F45-8086-470B-98AF-81920615FE4A}
	EndGlobalSection
EndGlobal
